<Solution>
  <Configurations>
    <Platform Name="Any CPU" />
    <Platform Name="x64" />
    <Platform Name="x86" />
  </Configurations>
  <Project Path="AspNetCoreExample/AspNetCoreExample.csproj" />
  <Project Path="BasicUsage/BasicUsage.csproj" />
  <Project Path="BindingExample/BindingExample.csproj" />
  <Project Path="DIExample/DIExample.csproj" />
  <Project Path="DynamicDependencies/DynamicDependencies.csproj" />
  <Project Path="FileLayering/FileLayering.csproj" />
  <Project Path="GenericProviderAPI/GenericProviderAPI.csproj" />
  <Project Path="HttpPollingExample/HttpPollingExample.csproj" />
  <Project Path="MicrosoftAdapterExample/MicrosoftAdapterExample.csproj" />
  <Project Path="ServiceLifetimes/ServiceLifetimes.csproj" />
  <Project Path="SimplifiedCoreExample/SimplifiedCoreExample.csproj" />
  <Project Path="StaticProviderExample/StaticProviderExample.csproj" />
  <Project Path="TupleReactiveExample/TupleReactiveExample.csproj" />
</Solution>
