
Microsoft Visual Studio Solution File, Format Version 12.00
# Visual Studio Version 17
VisualStudioVersion = 17.0.31903.59
MinimumVisualStudioVersion = 10.0.40219.1
Project("{2150E333-8FDC-42A3-9474-1A3956D46DE8}") = "src", "src", "{827E0CD3-B72D-47B6-A68D-7590B98EB39B}"
EndProject
Project("{2150E333-8FDC-42A3-9474-1A3956D46DE8}") = "Examples", "Examples", "{5F800AEC-81E7-8274-1389-B9340FE786D1}"
EndProject
Project("{FAE04EC0-301F-11D3-BF4B-00C04F79EFBC}") = "BasicUsage", "BasicUsage\BasicUsage.csproj", "{B77276B6-720A-433D-8953-79159A440930}"
EndProject
Project("{FAE04EC0-301F-11D3-BF4B-00C04F79EFBC}") = "FileLayering", "FileLayering\FileLayering.csproj", "{24EE786F-F258-4409-9A51-A9E60E5E43E8}"
EndProject
Project("{FAE04EC0-301F-11D3-BF4B-00C04F79EFBC}") = "DynamicDependencies", "DynamicDependencies\DynamicDependencies.csproj", "{BC1CDFB3-419A-4F90-8E2C-3ACB84B15062}"
EndProject
Project("{FAE04EC0-301F-11D3-BF4B-00C04F79EFBC}") = "AspNetCoreExample", "AspNetCoreExample\AspNetCoreExample.csproj", "{C7E2864E-5640-4BFC-ACB4-9BF35AEF822B}"
EndProject
Project("{FAE04EC0-301F-11D3-BF4B-00C04F79EFBC}") = "GenericProviderAPI", "GenericProviderAPI\GenericProviderAPI.csproj", "{0188A364-5826-43E9-8C1D-2C22EB9978A3}"
EndProject
Project("{FAE04EC0-301F-11D3-BF4B-00C04F79EFBC}") = "HttpPollingExample", "HttpPollingExample\HttpPollingExample.csproj", "{5EED951D-5FCC-4FAE-B5E5-7B98694211A1}"
EndProject
Project("{FAE04EC0-301F-11D3-BF4B-00C04F79EFBC}") = "MicrosoftAdapterExample", "MicrosoftAdapterExample\MicrosoftAdapterExample.csproj", "{2A0FC5DB-2ADC-4D62-B3C9-E1C130A83853}"
EndProject
Project("{FAE04EC0-301F-11D3-BF4B-00C04F79EFBC}") = "ServiceLifetimes", "ServiceLifetimes\ServiceLifetimes.csproj", "{D8B94156-8CB2-4F18-BA46-00AD1BF65FD1}"
EndProject
Project("{FAE04EC0-301F-11D3-BF4B-00C04F79EFBC}") = "StaticProviderExample", "StaticProviderExample\StaticProviderExample.csproj", "{3DB7BDDB-926D-449C-8D06-E8798D1AAC7E}"
EndProject
Project("{FAE04EC0-301F-11D3-BF4B-00C04F79EFBC}") = "DIExample", "DIExample\DIExample.csproj", "{76203A1C-9AA0-47B5-AD4E-9117E9E757A6}"
EndProject
Project("{FAE04EC0-301F-11D3-BF4B-00C04F79EFBC}") = "SimplifiedCoreExample", "SimplifiedCoreExample\SimplifiedCoreExample.csproj", "{EB05DF92-F10A-4718-A3D6-5BAC75C4F336}"
EndProject
Project("{FAE04EC0-301F-11D3-BF4B-00C04F79EFBC}") = "BindingExample", "BindingExample\BindingExample.csproj", "{ED9CAD6A-CA9A-485B-9135-3AD39220CD76}"
EndProject
Global
	GlobalSection(SolutionConfigurationPlatforms) = preSolution
		Debug|Any CPU = Debug|Any CPU
		Debug|x64 = Debug|x64
		Debug|x86 = Debug|x86
		Release|Any CPU = Release|Any CPU
		Release|x64 = Release|x64
		Release|x86 = Release|x86
	EndGlobalSection
	GlobalSection(ProjectConfigurationPlatforms) = postSolution
		{B77276B6-720A-433D-8953-79159A440930}.Debug|Any CPU.ActiveCfg = Debug|Any CPU
		{B77276B6-720A-433D-8953-79159A440930}.Debug|Any CPU.Build.0 = Debug|Any CPU
		{B77276B6-720A-433D-8953-79159A440930}.Debug|x64.ActiveCfg = Debug|Any CPU
		{B77276B6-720A-433D-8953-79159A440930}.Debug|x64.Build.0 = Debug|Any CPU
		{B77276B6-720A-433D-8953-79159A440930}.Debug|x86.ActiveCfg = Debug|Any CPU
		{B77276B6-720A-433D-8953-79159A440930}.Debug|x86.Build.0 = Debug|Any CPU
		{B77276B6-720A-433D-8953-79159A440930}.Release|Any CPU.ActiveCfg = Release|Any CPU
		{B77276B6-720A-433D-8953-79159A440930}.Release|Any CPU.Build.0 = Release|Any CPU
		{B77276B6-720A-433D-8953-79159A440930}.Release|x64.ActiveCfg = Release|Any CPU
		{B77276B6-720A-433D-8953-79159A440930}.Release|x64.Build.0 = Release|Any CPU
		{B77276B6-720A-433D-8953-79159A440930}.Release|x86.ActiveCfg = Release|Any CPU
		{B77276B6-720A-433D-8953-79159A440930}.Release|x86.Build.0 = Release|Any CPU
		{24EE786F-F258-4409-9A51-A9E60E5E43E8}.Debug|Any CPU.ActiveCfg = Debug|Any CPU
		{24EE786F-F258-4409-9A51-A9E60E5E43E8}.Debug|Any CPU.Build.0 = Debug|Any CPU
		{24EE786F-F258-4409-9A51-A9E60E5E43E8}.Debug|x64.ActiveCfg = Debug|Any CPU
		{24EE786F-F258-4409-9A51-A9E60E5E43E8}.Debug|x64.Build.0 = Debug|Any CPU
		{24EE786F-F258-4409-9A51-A9E60E5E43E8}.Debug|x86.ActiveCfg = Debug|Any CPU
		{24EE786F-F258-4409-9A51-A9E60E5E43E8}.Debug|x86.Build.0 = Debug|Any CPU
		{24EE786F-F258-4409-9A51-A9E60E5E43E8}.Release|Any CPU.ActiveCfg = Release|Any CPU
		{24EE786F-F258-4409-9A51-A9E60E5E43E8}.Release|Any CPU.Build.0 = Release|Any CPU
		{24EE786F-F258-4409-9A51-A9E60E5E43E8}.Release|x64.ActiveCfg = Release|Any CPU
		{24EE786F-F258-4409-9A51-A9E60E5E43E8}.Release|x64.Build.0 = Release|Any CPU
		{24EE786F-F258-4409-9A51-A9E60E5E43E8}.Release|x86.ActiveCfg = Release|Any CPU
		{24EE786F-F258-4409-9A51-A9E60E5E43E8}.Release|x86.Build.0 = Release|Any CPU
		{BC1CDFB3-419A-4F90-8E2C-3ACB84B15062}.Debug|Any CPU.ActiveCfg = Debug|Any CPU
		{BC1CDFB3-419A-4F90-8E2C-3ACB84B15062}.Debug|Any CPU.Build.0 = Debug|Any CPU
		{BC1CDFB3-419A-4F90-8E2C-3ACB84B15062}.Debug|x64.ActiveCfg = Debug|Any CPU
		{BC1CDFB3-419A-4F90-8E2C-3ACB84B15062}.Debug|x64.Build.0 = Debug|Any CPU
		{BC1CDFB3-419A-4F90-8E2C-3ACB84B15062}.Debug|x86.ActiveCfg = Debug|Any CPU
		{BC1CDFB3-419A-4F90-8E2C-3ACB84B15062}.Debug|x86.Build.0 = Debug|Any CPU
		{BC1CDFB3-419A-4F90-8E2C-3ACB84B15062}.Release|Any CPU.ActiveCfg = Release|Any CPU
		{BC1CDFB3-419A-4F90-8E2C-3ACB84B15062}.Release|Any CPU.Build.0 = Release|Any CPU
		{BC1CDFB3-419A-4F90-8E2C-3ACB84B15062}.Release|x64.ActiveCfg = Release|Any CPU
		{BC1CDFB3-419A-4F90-8E2C-3ACB84B15062}.Release|x64.Build.0 = Release|Any CPU
		{BC1CDFB3-419A-4F90-8E2C-3ACB84B15062}.Release|x86.ActiveCfg = Release|Any CPU
		{BC1CDFB3-419A-4F90-8E2C-3ACB84B15062}.Release|x86.Build.0 = Release|Any CPU
		{C7E2864E-5640-4BFC-ACB4-9BF35AEF822B}.Debug|Any CPU.ActiveCfg = Debug|Any CPU
		{C7E2864E-5640-4BFC-ACB4-9BF35AEF822B}.Debug|Any CPU.Build.0 = Debug|Any CPU
		{C7E2864E-5640-4BFC-ACB4-9BF35AEF822B}.Debug|x64.ActiveCfg = Debug|Any CPU
		{C7E2864E-5640-4BFC-ACB4-9BF35AEF822B}.Debug|x64.Build.0 = Debug|Any CPU
		{C7E2864E-5640-4BFC-ACB4-9BF35AEF822B}.Debug|x86.ActiveCfg = Debug|Any CPU
		{C7E2864E-5640-4BFC-ACB4-9BF35AEF822B}.Debug|x86.Build.0 = Debug|Any CPU
		{C7E2864E-5640-4BFC-ACB4-9BF35AEF822B}.Release|Any CPU.ActiveCfg = Release|Any CPU
		{C7E2864E-5640-4BFC-ACB4-9BF35AEF822B}.Release|Any CPU.Build.0 = Release|Any CPU
		{C7E2864E-5640-4BFC-ACB4-9BF35AEF822B}.Release|x64.ActiveCfg = Release|Any CPU
		{C7E2864E-5640-4BFC-ACB4-9BF35AEF822B}.Release|x64.Build.0 = Release|Any CPU
		{C7E2864E-5640-4BFC-ACB4-9BF35AEF822B}.Release|x86.ActiveCfg = Release|Any CPU
		{C7E2864E-5640-4BFC-ACB4-9BF35AEF822B}.Release|x86.Build.0 = Release|Any CPU
		{0188A364-5826-43E9-8C1D-2C22EB9978A3}.Debug|Any CPU.ActiveCfg = Debug|Any CPU
		{0188A364-5826-43E9-8C1D-2C22EB9978A3}.Debug|Any CPU.Build.0 = Debug|Any CPU
		{0188A364-5826-43E9-8C1D-2C22EB9978A3}.Debug|x64.ActiveCfg = Debug|Any CPU
		{0188A364-5826-43E9-8C1D-2C22EB9978A3}.Debug|x64.Build.0 = Debug|Any CPU
		{0188A364-5826-43E9-8C1D-2C22EB9978A3}.Debug|x86.ActiveCfg = Debug|Any CPU
		{0188A364-5826-43E9-8C1D-2C22EB9978A3}.Debug|x86.Build.0 = Debug|Any CPU
		{0188A364-5826-43E9-8C1D-2C22EB9978A3}.Release|Any CPU.ActiveCfg = Release|Any CPU
		{0188A364-5826-43E9-8C1D-2C22EB9978A3}.Release|Any CPU.Build.0 = Release|Any CPU
		{0188A364-5826-43E9-8C1D-2C22EB9978A3}.Release|x64.ActiveCfg = Release|Any CPU
		{0188A364-5826-43E9-8C1D-2C22EB9978A3}.Release|x64.Build.0 = Release|Any CPU
		{0188A364-5826-43E9-8C1D-2C22EB9978A3}.Release|x86.ActiveCfg = Release|Any CPU
		{0188A364-5826-43E9-8C1D-2C22EB9978A3}.Release|x86.Build.0 = Release|Any CPU
		{5EED951D-5FCC-4FAE-B5E5-7B98694211A1}.Debug|Any CPU.ActiveCfg = Debug|Any CPU
		{5EED951D-5FCC-4FAE-B5E5-7B98694211A1}.Debug|Any CPU.Build.0 = Debug|Any CPU
		{5EED951D-5FCC-4FAE-B5E5-7B98694211A1}.Debug|x64.ActiveCfg = Debug|Any CPU
		{5EED951D-5FCC-4FAE-B5E5-7B98694211A1}.Debug|x64.Build.0 = Debug|Any CPU
		{5EED951D-5FCC-4FAE-B5E5-7B98694211A1}.Debug|x86.ActiveCfg = Debug|Any CPU
		{5EED951D-5FCC-4FAE-B5E5-7B98694211A1}.Debug|x86.Build.0 = Debug|Any CPU
		{5EED951D-5FCC-4FAE-B5E5-7B98694211A1}.Release|Any CPU.ActiveCfg = Release|Any CPU
		{5EED951D-5FCC-4FAE-B5E5-7B98694211A1}.Release|Any CPU.Build.0 = Release|Any CPU
		{5EED951D-5FCC-4FAE-B5E5-7B98694211A1}.Release|x64.ActiveCfg = Release|Any CPU
		{5EED951D-5FCC-4FAE-B5E5-7B98694211A1}.Release|x64.Build.0 = Release|Any CPU
		{5EED951D-5FCC-4FAE-B5E5-7B98694211A1}.Release|x86.ActiveCfg = Release|Any CPU
		{5EED951D-5FCC-4FAE-B5E5-7B98694211A1}.Release|x86.Build.0 = Release|Any CPU
		{2A0FC5DB-2ADC-4D62-B3C9-E1C130A83853}.Debug|Any CPU.ActiveCfg = Debug|Any CPU
		{2A0FC5DB-2ADC-4D62-B3C9-E1C130A83853}.Debug|Any CPU.Build.0 = Debug|Any CPU
		{2A0FC5DB-2ADC-4D62-B3C9-E1C130A83853}.Debug|x64.ActiveCfg = Debug|Any CPU
		{2A0FC5DB-2ADC-4D62-B3C9-E1C130A83853}.Debug|x64.Build.0 = Debug|Any CPU
		{2A0FC5DB-2ADC-4D62-B3C9-E1C130A83853}.Debug|x86.ActiveCfg = Debug|Any CPU
		{2A0FC5DB-2ADC-4D62-B3C9-E1C130A83853}.Debug|x86.Build.0 = Debug|Any CPU
		{2A0FC5DB-2ADC-4D62-B3C9-E1C130A83853}.Release|Any CPU.ActiveCfg = Release|Any CPU
		{2A0FC5DB-2ADC-4D62-B3C9-E1C130A83853}.Release|Any CPU.Build.0 = Release|Any CPU
		{2A0FC5DB-2ADC-4D62-B3C9-E1C130A83853}.Release|x64.ActiveCfg = Release|Any CPU
		{2A0FC5DB-2ADC-4D62-B3C9-E1C130A83853}.Release|x64.Build.0 = Release|Any CPU
		{2A0FC5DB-2ADC-4D62-B3C9-E1C130A83853}.Release|x86.ActiveCfg = Release|Any CPU
		{2A0FC5DB-2ADC-4D62-B3C9-E1C130A83853}.Release|x86.Build.0 = Release|Any CPU
		{D8B94156-8CB2-4F18-BA46-00AD1BF65FD1}.Debug|Any CPU.ActiveCfg = Debug|Any CPU
		{D8B94156-8CB2-4F18-BA46-00AD1BF65FD1}.Debug|Any CPU.Build.0 = Debug|Any CPU
		{D8B94156-8CB2-4F18-BA46-00AD1BF65FD1}.Debug|x64.ActiveCfg = Debug|Any CPU
		{D8B94156-8CB2-4F18-BA46-00AD1BF65FD1}.Debug|x64.Build.0 = Debug|Any CPU
		{D8B94156-8CB2-4F18-BA46-00AD1BF65FD1}.Debug|x86.ActiveCfg = Debug|Any CPU
		{D8B94156-8CB2-4F18-BA46-00AD1BF65FD1}.Debug|x86.Build.0 = Debug|Any CPU
		{D8B94156-8CB2-4F18-BA46-00AD1BF65FD1}.Release|Any CPU.ActiveCfg = Release|Any CPU
		{D8B94156-8CB2-4F18-BA46-00AD1BF65FD1}.Release|Any CPU.Build.0 = Release|Any CPU
		{D8B94156-8CB2-4F18-BA46-00AD1BF65FD1}.Release|x64.ActiveCfg = Release|Any CPU
		{D8B94156-8CB2-4F18-BA46-00AD1BF65FD1}.Release|x64.Build.0 = Release|Any CPU
		{D8B94156-8CB2-4F18-BA46-00AD1BF65FD1}.Release|x86.ActiveCfg = Release|Any CPU
		{D8B94156-8CB2-4F18-BA46-00AD1BF65FD1}.Release|x86.Build.0 = Release|Any CPU
		{3DB7BDDB-926D-449C-8D06-E8798D1AAC7E}.Debug|Any CPU.ActiveCfg = Debug|Any CPU
		{3DB7BDDB-926D-449C-8D06-E8798D1AAC7E}.Debug|Any CPU.Build.0 = Debug|Any CPU
		{3DB7BDDB-926D-449C-8D06-E8798D1AAC7E}.Debug|x64.ActiveCfg = Debug|Any CPU
		{3DB7BDDB-926D-449C-8D06-E8798D1AAC7E}.Debug|x64.Build.0 = Debug|Any CPU
		{3DB7BDDB-926D-449C-8D06-E8798D1AAC7E}.Debug|x86.ActiveCfg = Debug|Any CPU
		{3DB7BDDB-926D-449C-8D06-E8798D1AAC7E}.Debug|x86.Build.0 = Debug|Any CPU
		{3DB7BDDB-926D-449C-8D06-E8798D1AAC7E}.Release|Any CPU.ActiveCfg = Release|Any CPU
		{3DB7BDDB-926D-449C-8D06-E8798D1AAC7E}.Release|Any CPU.Build.0 = Release|Any CPU
		{3DB7BDDB-926D-449C-8D06-E8798D1AAC7E}.Release|x64.ActiveCfg = Release|Any CPU
		{3DB7BDDB-926D-449C-8D06-E8798D1AAC7E}.Release|x64.Build.0 = Release|Any CPU
		{3DB7BDDB-926D-449C-8D06-E8798D1AAC7E}.Release|x86.ActiveCfg = Release|Any CPU
		{3DB7BDDB-926D-449C-8D06-E8798D1AAC7E}.Release|x86.Build.0 = Release|Any CPU
		{76203A1C-9AA0-47B5-AD4E-9117E9E757A6}.Debug|Any CPU.ActiveCfg = Debug|Any CPU
		{76203A1C-9AA0-47B5-AD4E-9117E9E757A6}.Debug|Any CPU.Build.0 = Debug|Any CPU
		{76203A1C-9AA0-47B5-AD4E-9117E9E757A6}.Debug|x64.ActiveCfg = Debug|Any CPU
		{76203A1C-9AA0-47B5-AD4E-9117E9E757A6}.Debug|x64.Build.0 = Debug|Any CPU
		{76203A1C-9AA0-47B5-AD4E-9117E9E757A6}.Debug|x86.ActiveCfg = Debug|Any CPU
		{76203A1C-9AA0-47B5-AD4E-9117E9E757A6}.Debug|x86.Build.0 = Debug|Any CPU
		{76203A1C-9AA0-47B5-AD4E-9117E9E757A6}.Release|Any CPU.ActiveCfg = Release|Any CPU
		{76203A1C-9AA0-47B5-AD4E-9117E9E757A6}.Release|Any CPU.Build.0 = Release|Any CPU
		{76203A1C-9AA0-47B5-AD4E-9117E9E757A6}.Release|x64.ActiveCfg = Release|Any CPU
		{76203A1C-9AA0-47B5-AD4E-9117E9E757A6}.Release|x64.Build.0 = Release|Any CPU
		{76203A1C-9AA0-47B5-AD4E-9117E9E757A6}.Release|x86.ActiveCfg = Release|Any CPU
		{76203A1C-9AA0-47B5-AD4E-9117E9E757A6}.Release|x86.Build.0 = Release|Any CPU
		{EB05DF92-F10A-4718-A3D6-5BAC75C4F336}.Debug|Any CPU.ActiveCfg = Debug|Any CPU
		{EB05DF92-F10A-4718-A3D6-5BAC75C4F336}.Debug|Any CPU.Build.0 = Debug|Any CPU
		{EB05DF92-F10A-4718-A3D6-5BAC75C4F336}.Debug|x64.ActiveCfg = Debug|Any CPU
		{EB05DF92-F10A-4718-A3D6-5BAC75C4F336}.Debug|x64.Build.0 = Debug|Any CPU
		{EB05DF92-F10A-4718-A3D6-5BAC75C4F336}.Debug|x86.ActiveCfg = Debug|Any CPU
		{EB05DF92-F10A-4718-A3D6-5BAC75C4F336}.Debug|x86.Build.0 = Debug|Any CPU
		{EB05DF92-F10A-4718-A3D6-5BAC75C4F336}.Release|Any CPU.ActiveCfg = Release|Any CPU
		{EB05DF92-F10A-4718-A3D6-5BAC75C4F336}.Release|Any CPU.Build.0 = Release|Any CPU
		{EB05DF92-F10A-4718-A3D6-5BAC75C4F336}.Release|x64.ActiveCfg = Release|Any CPU
		{EB05DF92-F10A-4718-A3D6-5BAC75C4F336}.Release|x64.Build.0 = Release|Any CPU
		{EB05DF92-F10A-4718-A3D6-5BAC75C4F336}.Release|x86.ActiveCfg = Release|Any CPU
		{EB05DF92-F10A-4718-A3D6-5BAC75C4F336}.Release|x86.Build.0 = Release|Any CPU
		{ED9CAD6A-CA9A-485B-9135-3AD39220CD76}.Debug|Any CPU.ActiveCfg = Debug|Any CPU
		{ED9CAD6A-CA9A-485B-9135-3AD39220CD76}.Debug|Any CPU.Build.0 = Debug|Any CPU
		{ED9CAD6A-CA9A-485B-9135-3AD39220CD76}.Debug|x64.ActiveCfg = Debug|Any CPU
		{ED9CAD6A-CA9A-485B-9135-3AD39220CD76}.Debug|x64.Build.0 = Debug|Any CPU
		{ED9CAD6A-CA9A-485B-9135-3AD39220CD76}.Debug|x86.ActiveCfg = Debug|Any CPU
		{ED9CAD6A-CA9A-485B-9135-3AD39220CD76}.Debug|x86.Build.0 = Debug|Any CPU
		{ED9CAD6A-CA9A-485B-9135-3AD39220CD76}.Release|Any CPU.ActiveCfg = Release|Any CPU
		{ED9CAD6A-CA9A-485B-9135-3AD39220CD76}.Release|Any CPU.Build.0 = Release|Any CPU
		{ED9CAD6A-CA9A-485B-9135-3AD39220CD76}.Release|x64.ActiveCfg = Release|Any CPU
		{ED9CAD6A-CA9A-485B-9135-3AD39220CD76}.Release|x64.Build.0 = Release|Any CPU
		{ED9CAD6A-CA9A-485B-9135-3AD39220CD76}.Release|x86.ActiveCfg = Release|Any CPU
		{ED9CAD6A-CA9A-485B-9135-3AD39220CD76}.Release|x86.Build.0 = Release|Any CPU
	EndGlobalSection
	GlobalSection(SolutionProperties) = preSolution
		HideSolutionNode = FALSE
	EndGlobalSection
	GlobalSection(NestedProjects) = preSolution
		{5F800AEC-81E7-8274-1389-B9340FE786D1} = {827E0CD3-B72D-47B6-A68D-7590B98EB39B}
		{B77276B6-720A-433D-8953-79159A440930} = {5F800AEC-81E7-8274-1389-B9340FE786D1}
		{24EE786F-F258-4409-9A51-A9E60E5E43E8} = {5F800AEC-81E7-8274-1389-B9340FE786D1}
		{BC1CDFB3-419A-4F90-8E2C-3ACB84B15062} = {5F800AEC-81E7-8274-1389-B9340FE786D1}
		{C7E2864E-5640-4BFC-ACB4-9BF35AEF822B} = {5F800AEC-81E7-8274-1389-B9340FE786D1}
		{0188A364-5826-43E9-8C1D-2C22EB9978A3} = {5F800AEC-81E7-8274-1389-B9340FE786D1}
		{5EED951D-5FCC-4FAE-B5E5-7B98694211A1} = {5F800AEC-81E7-8274-1389-B9340FE786D1}
		{2A0FC5DB-2ADC-4D62-B3C9-E1C130A83853} = {5F800AEC-81E7-8274-1389-B9340FE786D1}
		{D8B94156-8CB2-4F18-BA46-00AD1BF65FD1} = {5F800AEC-81E7-8274-1389-B9340FE786D1}
		{3DB7BDDB-926D-449C-8D06-E8798D1AAC7E} = {5F800AEC-81E7-8274-1389-B9340FE786D1}
	EndGlobalSection
EndGlobal
