
Microsoft Visual Studio Solution File, Format Version 12.00
# Visual Studio Version 17
VisualStudioVersion = 17.14.36310.24
MinimumVisualStudioVersion = 10.0.40219.1
Project("{2150E333-8FDC-42A3-9474-1A3956D46DE8}") = ".SolutionItems", ".SolutionItems", "{6A0152F4-7885-433F-9144-823A4CA8FB6F}"
	ProjectSection(SolutionItems) = preProject
		Directory.Build.props = Directory.Build.props
		Directory.Packages.props = Directory.Packages.props
	EndProjectSection
EndProject
Project("{2150E333-8FDC-42A3-9474-1A3956D46DE8}") = "tests", "tests", "{A3DABE6B-A80E-41CE-9F6D-4B965E88D0A8}"
EndProject
Project("{FAE04EC0-301F-11D3-BF4B-00C04F79EFBC}") = "Cocoar.Configuration", "Cocoar.Configuration\Cocoar.Configuration.csproj", "{6432C38C-8220-4DD8-B5FC-52AC6931937D}"
EndProject
Project("{FAE04EC0-301F-11D3-BF4B-00C04F79EFBC}") = "Cocoar.Configuration.HttpPolling", "Cocoar.Configuration.HttpPolling\Cocoar.Configuration.HttpPolling.csproj", "{E0A6E2E2-3F1C-45C9-9B5D-1C9E0B64F3E0}"
EndProject
Project("{FAE04EC0-301F-11D3-BF4B-00C04F79EFBC}") = "Cocoar.Configuration.Tests", "tests\Cocoar.Configuration.Tests\Cocoar.Configuration.Tests.csproj", "{31D008CD-9D72-4711-89C3-8D2E74D657CE}"
EndProject
Project("{FAE04EC0-301F-11D3-BF4B-00C04F79EFBC}") = "Cocoar.Configuration.AspNetCore", "Cocoar.Configuration.AspNetCore\Cocoar.Configuration.AspNetCore.csproj", "{BB5064E6-8872-41C6-B32C-E1C00FB37351}"
EndProject
Project("{FAE04EC0-301F-11D3-BF4B-00C04F79EFBC}") = "Cocoar.Configuration.MicrosoftAdapter", "Cocoar.Configuration.MicrosoftAdapter\Cocoar.Configuration.MicrosoftAdapter.csproj", "{8F9E9A6E-9E7B-4C6B-9A34-2B8E2C2E2E1B}"
EndProject
Global
	GlobalSection(SolutionConfigurationPlatforms) = preSolution
		Debug|Any CPU = Debug|Any CPU
		Release|Any CPU = Release|Any CPU
	EndGlobalSection
	GlobalSection(ProjectConfigurationPlatforms) = postSolution
		{ABD5D77E-39F8-4B4D-9919-53F51381A335}.Debug|Any CPU.ActiveCfg = Debug|Any CPU
		{ABD5D77E-39F8-4B4D-9919-53F51381A335}.Debug|Any CPU.Build.0 = Debug|Any CPU
		{ABD5D77E-39F8-4B4D-9919-53F51381A335}.Release|Any CPU.ActiveCfg = Release|Any CPU
		{ABD5D77E-39F8-4B4D-9919-53F51381A335}.Release|Any CPU.Build.0 = Release|Any CPU
		{654425EE-3227-4DB7-A6F6-1C758615356B}.Debug|Any CPU.ActiveCfg = Debug|Any CPU
		{654425EE-3227-4DB7-A6F6-1C758615356B}.Debug|Any CPU.Build.0 = Debug|Any CPU
		{654425EE-3227-4DB7-A6F6-1C758615356B}.Release|Any CPU.ActiveCfg = Release|Any CPU
		{654425EE-3227-4DB7-A6F6-1C758615356B}.Release|Any CPU.Build.0 = Release|Any CPU
		{9B5BC08B-91B1-421C-9CBD-17A076383F92}.Debug|Any CPU.ActiveCfg = Debug|Any CPU
		{9B5BC08B-91B1-421C-9CBD-17A076383F92}.Debug|Any CPU.Build.0 = Debug|Any CPU
		{9B5BC08B-91B1-421C-9CBD-17A076383F92}.Release|Any CPU.ActiveCfg = Release|Any CPU
		{9B5BC08B-91B1-421C-9CBD-17A076383F92}.Release|Any CPU.Build.0 = Release|Any CPU
		{AA4B25EA-1A35-4AE1-A2A2-80FD4CD80A2A}.Debug|Any CPU.ActiveCfg = Debug|Any CPU
		{AA4B25EA-1A35-4AE1-A2A2-80FD4CD80A2A}.Debug|Any CPU.Build.0 = Debug|Any CPU
		{AA4B25EA-1A35-4AE1-A2A2-80FD4CD80A2A}.Release|Any CPU.ActiveCfg = Release|Any CPU
		{AA4B25EA-1A35-4AE1-A2A2-80FD4CD80A2A}.Release|Any CPU.Build.0 = Release|Any CPU
		{24EF5D74-CAAC-49DA-9AE8-3CCEE0C25CD0}.Debug|Any CPU.ActiveCfg = Debug|Any CPU
		{24EF5D74-CAAC-49DA-9AE8-3CCEE0C25CD0}.Debug|Any CPU.Build.0 = Debug|Any CPU
		{24EF5D74-CAAC-49DA-9AE8-3CCEE0C25CD0}.Release|Any CPU.ActiveCfg = Release|Any CPU
		{24EF5D74-CAAC-49DA-9AE8-3CCEE0C25CD0}.Release|Any CPU.Build.0 = Release|Any CPU
		{D8837308-A69A-40EF-A390-E7E06F735DEB}.Debug|Any CPU.ActiveCfg = Debug|Any CPU
		{D8837308-A69A-40EF-A390-E7E06F735DEB}.Debug|Any CPU.Build.0 = Debug|Any CPU
		{D8837308-A69A-40EF-A390-E7E06F735DEB}.Release|Any CPU.ActiveCfg = Release|Any CPU
		{D8837308-A69A-40EF-A390-E7E06F735DEB}.Release|Any CPU.Build.0 = Release|Any CPU
		{C9986F3A-BE2C-4326-9F84-6537AFF2C80E}.Debug|Any CPU.ActiveCfg = Debug|Any CPU
		{C9986F3A-BE2C-4326-9F84-6537AFF2C80E}.Debug|Any CPU.Build.0 = Debug|Any CPU
		{C9986F3A-BE2C-4326-9F84-6537AFF2C80E}.Release|Any CPU.ActiveCfg = Release|Any CPU
		{C9986F3A-BE2C-4326-9F84-6537AFF2C80E}.Release|Any CPU.Build.0 = Release|Any CPU
		{6432C38C-8220-4DD8-B5FC-52AC6931937D}.Debug|Any CPU.ActiveCfg = Debug|Any CPU
		{6432C38C-8220-4DD8-B5FC-52AC6931937D}.Debug|Any CPU.Build.0 = Debug|Any CPU
		{6432C38C-8220-4DD8-B5FC-52AC6931937D}.Release|Any CPU.ActiveCfg = Release|Any CPU
		{6432C38C-8220-4DD8-B5FC-52AC6931937D}.Release|Any CPU.Build.0 = Release|Any CPU
		{E0A6E2E2-3F1C-45C9-9B5D-1C9E0B64F3E0}.Debug|Any CPU.ActiveCfg = Debug|Any CPU
		{E0A6E2E2-3F1C-45C9-9B5D-1C9E0B64F3E0}.Debug|Any CPU.Build.0 = Debug|Any CPU
		{E0A6E2E2-3F1C-45C9-9B5D-1C9E0B64F3E0}.Release|Any CPU.ActiveCfg = Release|Any CPU
		{E0A6E2E2-3F1C-45C9-9B5D-1C9E0B64F3E0}.Release|Any CPU.Build.0 = Release|Any CPU
		{31D008CD-9D72-4711-89C3-8D2E74D657CE}.Debug|Any CPU.ActiveCfg = Debug|Any CPU
		{31D008CD-9D72-4711-89C3-8D2E74D657CE}.Debug|Any CPU.Build.0 = Debug|Any CPU
		{31D008CD-9D72-4711-89C3-8D2E74D657CE}.Release|Any CPU.ActiveCfg = Release|Any CPU
		{31D008CD-9D72-4711-89C3-8D2E74D657CE}.Release|Any CPU.Build.0 = Release|Any CPU
		{BB5064E6-8872-41C6-B32C-E1C00FB37351}.Debug|Any CPU.ActiveCfg = Debug|Any CPU
		{BB5064E6-8872-41C6-B32C-E1C00FB37351}.Debug|Any CPU.Build.0 = Debug|Any CPU
		{BB5064E6-8872-41C6-B32C-E1C00FB37351}.Release|Any CPU.ActiveCfg = Release|Any CPU
		{BB5064E6-8872-41C6-B32C-E1C00FB37351}.Release|Any CPU.Build.0 = Release|Any CPU
		{8F9E9A6E-9E7B-4C6B-9A34-2B8E2C2E2E1B}.Debug|Any CPU.ActiveCfg = Debug|Any CPU
		{8F9E9A6E-9E7B-4C6B-9A34-2B8E2C2E2E1B}.Debug|Any CPU.Build.0 = Debug|Any CPU
		{8F9E9A6E-9E7B-4C6B-9A34-2B8E2C2E2E1B}.Release|Any CPU.ActiveCfg = Release|Any CPU
		{8F9E9A6E-9E7B-4C6B-9A34-2B8E2C2E2E1B}.Release|Any CPU.Build.0 = Release|Any CPU
	EndGlobalSection
	GlobalSection(SolutionProperties) = preSolution
		HideSolutionNode = FALSE
	EndGlobalSection
	GlobalSection(NestedProjects) = preSolution
		{654425EE-3227-4DB7-A6F6-1C758615356B} = {A3DABE6B-A80E-41CE-9F6D-4B965E88D0A8}
		{31D008CD-9D72-4711-89C3-8D2E74D657CE} = {A3DABE6B-A80E-41CE-9F6D-4B965E88D0A8}
	EndGlobalSection
	GlobalSection(ExtensibilityGlobals) = postSolution
		SolutionGuid = {327A6013-7FB7-4E81-87F2-0CA8E858F030}
	EndGlobalSection
EndGlobal
